
Microsoft Visual Studio Solution File, Format Version 12.00
# Visual Studio 2013
VisualStudioVersion = 12.0.30110.0
MinimumVisualStudioVersion = 10.0.40219.1
Project("{FAE04EC0-301F-11D3-BF4B-00C04F79EFBC}") = "PluralizationServices", "PluralizationServices\PluralizationServices.csproj", "{61CA00E0-8B4E-44C1-B592-BB4D651C3CC2}"
EndProject
Project("{FAE04EC0-301F-11D3-BF4B-00C04F79EFBC}") = "PluralizationServices.Tests", "PluralizationServices.Tests\PluralizationServices.Tests.csproj", "{AFEA46DB-197E-41B6-B73F-8946600ED291}"
EndProject
Global
	GlobalSection(SolutionConfigurationPlatforms) = preSolution
		Debug|Any CPU = Debug|Any CPU
		Release|Any CPU = Release|Any CPU
	EndGlobalSection
	GlobalSection(ProjectConfigurationPlatforms) = postSolution
		{61CA00E0-8B4E-44C1-B592-BB4D651C3CC2}.Debug|Any CPU.ActiveCfg = Debug|Any CPU
		{61CA00E0-8B4E-44C1-B592-BB4D651C3CC2}.Debug|Any CPU.Build.0 = Debug|Any CPU
		{61CA00E0-8B4E-44C1-B592-BB4D651C3CC2}.Release|Any CPU.ActiveCfg = Release|Any CPU
		{61CA00E0-8B4E-44C1-B592-BB4D651C3CC2}.Release|Any CPU.Build.0 = Release|Any CPU
		{AFEA46DB-197E-41B6-B73F-8946600ED291}.Debug|Any CPU.ActiveCfg = Debug|Any CPU
		{AFEA46DB-197E-41B6-B73F-8946600ED291}.Debug|Any CPU.Build.0 = Debug|Any CPU
		{AFEA46DB-197E-41B6-B73F-8946600ED291}.Release|Any CPU.ActiveCfg = Release|Any CPU
		{AFEA46DB-197E-41B6-B73F-8946600ED291}.Release|Any CPU.Build.0 = Release|Any CPU
	EndGlobalSection
	GlobalSection(SolutionProperties) = preSolution
		HideSolutionNode = FALSE
	EndGlobalSection
EndGlobal
